
Microsoft Visual Studio Solution File, Format Version 12.00
# Visual Studio Version 16
VisualStudioVersion = 16.0.29503.13
MinimumVisualStudioVersion = 10.0.40219.1
Project("{9A19103F-16F7-4668-BE54-9A1E7A4F7556}") = "CoursAP2019", "CoursAP2019\CoursAP2019.csproj", "{79F39733-1F33-4E0F-939A-88B7504743AC}"
EndProject
Project("{9A19103F-16F7-4668-BE54-9A1E7A4F7556}") = "CompteBancaire", "CompteBancaire\CompteBancaire.csproj", "{9191FD1C-7328-444D-A4F7-AA1F3FF1425F}"
EndProject
Project("{9A19103F-16F7-4668-BE54-9A1E7A4F7556}") = "Forum", "Forum\Forum.csproj", "{CBAA88A0-9C34-41C6-A516-A96D2D4AAC9C}"
EndProject
Project("{9A19103F-16F7-4668-BE54-9A1E7A4F7556}") = "CoursAdoNet", "Cours\CoursAdoNet.csproj", "{15C76E3F-F9F2-42B8-9D8E-00A4341F7365}"
EndProject
Project("{9A19103F-16F7-4668-BE54-9A1E7A4F7556}") = "DAOBanque", "DAOBanque\DAOBanque.csproj", "{DDCC00CC-9030-4B39-BCDF-8D84748CD2D5}"
EndProject
Project("{9A19103F-16F7-4668-BE54-9A1E7A4F7556}") = "coursWPF", "coursWPF\coursWPF.csproj", "{96003448-FB76-4ACD-A6DB-5E817B978F53}"
EndProject
Project("{9A19103F-16F7-4668-BE54-9A1E7A4F7556}") = "BanqueWPF", "BanqueWPF\BanqueWPF.csproj", "{6BB4CBF4-01A6-41F7-8A30-61E2869BC240}"
EndProject
Project("{9A19103F-16F7-4668-BE54-9A1E7A4F7556}") = "PenduWPF", "PenduWPF\PenduWPF.csproj", "{AA531689-549B-4F63-BEC6-B20585FB68C7}"
EndProject
Project("{FAE04EC0-301F-11D3-BF4B-00C04F79EFBC}") = "CoursMVVM", "CoursMVVM\CoursMVVM.csproj", "{A191F2D9-12FE-445C-999D-72AF4314CBAB}"
EndProject
Project("{FAE04EC0-301F-11D3-BF4B-00C04F79EFBC}") = "CashRegister", "CashRegister\CashRegister.csproj", "{11DCB724-8723-4816-AB8D-D7496ED04274}"
EndProject
Global
	GlobalSection(SolutionConfigurationPlatforms) = preSolution
		Debug|Any CPU = Debug|Any CPU
		Release|Any CPU = Release|Any CPU
	EndGlobalSection
	GlobalSection(ProjectConfigurationPlatforms) = postSolution
		{79F39733-1F33-4E0F-939A-88B7504743AC}.Debug|Any CPU.ActiveCfg = Debug|Any CPU
		{79F39733-1F33-4E0F-939A-88B7504743AC}.Debug|Any CPU.Build.0 = Debug|Any CPU
		{79F39733-1F33-4E0F-939A-88B7504743AC}.Release|Any CPU.ActiveCfg = Release|Any CPU
		{79F39733-1F33-4E0F-939A-88B7504743AC}.Release|Any CPU.Build.0 = Release|Any CPU
		{9191FD1C-7328-444D-A4F7-AA1F3FF1425F}.Debug|Any CPU.ActiveCfg = Debug|Any CPU
		{9191FD1C-7328-444D-A4F7-AA1F3FF1425F}.Debug|Any CPU.Build.0 = Debug|Any CPU
		{9191FD1C-7328-444D-A4F7-AA1F3FF1425F}.Release|Any CPU.ActiveCfg = Release|Any CPU
		{9191FD1C-7328-444D-A4F7-AA1F3FF1425F}.Release|Any CPU.Build.0 = Release|Any CPU
		{CBAA88A0-9C34-41C6-A516-A96D2D4AAC9C}.Debug|Any CPU.ActiveCfg = Debug|Any CPU
		{CBAA88A0-9C34-41C6-A516-A96D2D4AAC9C}.Debug|Any CPU.Build.0 = Debug|Any CPU
		{CBAA88A0-9C34-41C6-A516-A96D2D4AAC9C}.Release|Any CPU.ActiveCfg = Release|Any CPU
		{CBAA88A0-9C34-41C6-A516-A96D2D4AAC9C}.Release|Any CPU.Build.0 = Release|Any CPU
		{15C76E3F-F9F2-42B8-9D8E-00A4341F7365}.Debug|Any CPU.ActiveCfg = Debug|Any CPU
		{15C76E3F-F9F2-42B8-9D8E-00A4341F7365}.Debug|Any CPU.Build.0 = Debug|Any CPU
		{15C76E3F-F9F2-42B8-9D8E-00A4341F7365}.Release|Any CPU.ActiveCfg = Release|Any CPU
		{15C76E3F-F9F2-42B8-9D8E-00A4341F7365}.Release|Any CPU.Build.0 = Release|Any CPU
		{DDCC00CC-9030-4B39-BCDF-8D84748CD2D5}.Debug|Any CPU.ActiveCfg = Debug|Any CPU
		{DDCC00CC-9030-4B39-BCDF-8D84748CD2D5}.Debug|Any CPU.Build.0 = Debug|Any CPU
		{DDCC00CC-9030-4B39-BCDF-8D84748CD2D5}.Release|Any CPU.ActiveCfg = Release|Any CPU
		{DDCC00CC-9030-4B39-BCDF-8D84748CD2D5}.Release|Any CPU.Build.0 = Release|Any CPU
		{96003448-FB76-4ACD-A6DB-5E817B978F53}.Debug|Any CPU.ActiveCfg = Debug|Any CPU
		{96003448-FB76-4ACD-A6DB-5E817B978F53}.Debug|Any CPU.Build.0 = Debug|Any CPU
		{96003448-FB76-4ACD-A6DB-5E817B978F53}.Release|Any CPU.ActiveCfg = Release|Any CPU
		{96003448-FB76-4ACD-A6DB-5E817B978F53}.Release|Any CPU.Build.0 = Release|Any CPU
		{6BB4CBF4-01A6-41F7-8A30-61E2869BC240}.Debug|Any CPU.ActiveCfg = Debug|Any CPU
		{6BB4CBF4-01A6-41F7-8A30-61E2869BC240}.Debug|Any CPU.Build.0 = Debug|Any CPU
		{6BB4CBF4-01A6-41F7-8A30-61E2869BC240}.Release|Any CPU.ActiveCfg = Release|Any CPU
		{6BB4CBF4-01A6-41F7-8A30-61E2869BC240}.Release|Any CPU.Build.0 = Release|Any CPU
		{AA531689-549B-4F63-BEC6-B20585FB68C7}.Debug|Any CPU.ActiveCfg = Debug|Any CPU
		{AA531689-549B-4F63-BEC6-B20585FB68C7}.Debug|Any CPU.Build.0 = Debug|Any CPU
		{AA531689-549B-4F63-BEC6-B20585FB68C7}.Release|Any CPU.ActiveCfg = Release|Any CPU
		{AA531689-549B-4F63-BEC6-B20585FB68C7}.Release|Any CPU.Build.0 = Release|Any CPU
		{A191F2D9-12FE-445C-999D-72AF4314CBAB}.Debug|Any CPU.ActiveCfg = Debug|Any CPU
		{A191F2D9-12FE-445C-999D-72AF4314CBAB}.Debug|Any CPU.Build.0 = Debug|Any CPU
		{A191F2D9-12FE-445C-999D-72AF4314CBAB}.Release|Any CPU.ActiveCfg = Release|Any CPU
		{A191F2D9-12FE-445C-999D-72AF4314CBAB}.Release|Any CPU.Build.0 = Release|Any CPU
		{11DCB724-8723-4816-AB8D-D7496ED04274}.Debug|Any CPU.ActiveCfg = Debug|Any CPU
		{11DCB724-8723-4816-AB8D-D7496ED04274}.Debug|Any CPU.Build.0 = Debug|Any CPU
		{11DCB724-8723-4816-AB8D-D7496ED04274}.Release|Any CPU.ActiveCfg = Release|Any CPU
		{11DCB724-8723-4816-AB8D-D7496ED04274}.Release|Any CPU.Build.0 = Release|Any CPU
	EndGlobalSection
	GlobalSection(SolutionProperties) = preSolution
		HideSolutionNode = FALSE
	EndGlobalSection
	GlobalSection(ExtensibilityGlobals) = postSolution
		SolutionGuid = {CF161BF5-8424-4058-8C97-27467B425331}
	EndGlobalSection
EndGlobal
